
Microsoft Visual Studio Solution File, Format Version 12.00
# Visual Studio Version 17
VisualStudioVersion = 17.7.34202.233
MinimumVisualStudioVersion = 10.0.40219.1
Project("{FAE04EC0-301F-11D3-BF4B-00C04F79EFBC}") = "DecriptAuto", "DecriptAuto\DecriptAuto.csproj", "{DC03F84F-074E-4FEE-83A5-DA162E704FBB}"
EndProject
Global
	GlobalSection(SolutionConfigurationPlatforms) = preSolution
		Debug|Any CPU = Debug|Any CPU
		Release|Any CPU = Release|Any CPU
	EndGlobalSection
	GlobalSection(ProjectConfigurationPlatforms) = postSolution
		{DC03F84F-074E-4FEE-83A5-DA162E704FBB}.Debug|Any CPU.ActiveCfg = Debug|Any CPU
		{DC03F84F-074E-4FEE-83A5-DA162E704FBB}.Debug|Any CPU.Build.0 = Debug|Any CPU
		{DC03F84F-074E-4FEE-83A5-DA162E704FBB}.Release|Any CPU.ActiveCfg = Release|Any CPU
		{DC03F84F-074E-4FEE-83A5-DA162E704FBB}.Release|Any CPU.Build.0 = Release|Any CPU
	EndGlobalSection
	GlobalSection(SolutionProperties) = preSolution
		HideSolutionNode = FALSE
	EndGlobalSection
	GlobalSection(ExtensibilityGlobals) = postSolution
		SolutionGuid = {B294002A-6FDD-4F3F-8592-DEA733B8715C}
	EndGlobalSection
EndGlobal
